# @generated - this file is auto-generated by `mise lock` https://mise.jdx.dev/dev-tools/mise-lock.html

[[tools.actionlint]]
version = "1.7.7"
backend = "aqua:rhysd/actionlint"

[tools.actionlint."platforms.linux-arm64"]
checksum = "sha256:401942f9c24ed71e4fe71b76c7d638f66d8633575c4016efd2977ce7c28317d0"
url = "https://github.com/rhysd/actionlint/releases/download/v1.7.7/actionlint_1.7.7_linux_arm64.tar.gz"

[tools.actionlint."platforms.linux-arm64-musl"]
checksum = "sha256:401942f9c24ed71e4fe71b76c7d638f66d8633575c4016efd2977ce7c28317d0"
url = "https://github.com/rhysd/actionlint/releases/download/v1.7.7/actionlint_1.7.7_linux_arm64.tar.gz"

[tools.actionlint."platforms.linux-x64"]
checksum = "sha256:023070a287cd8cccd71515fedc843f1985bf96c436b7effaecce67290e7e0757"
url = "https://github.com/rhysd/actionlint/releases/download/v1.7.7/actionlint_1.7.7_linux_amd64.tar.gz"

[tools.actionlint."platforms.linux-x64-musl"]
checksum = "sha256:023070a287cd8cccd71515fedc843f1985bf96c436b7effaecce67290e7e0757"
url = "https://github.com/rhysd/actionlint/releases/download/v1.7.7/actionlint_1.7.7_linux_amd64.tar.gz"

[tools.actionlint."platforms.macos-arm64"]
checksum = "sha256:2693315b9093aeacb4ebd91a993fea54fc215057bf0da2659056b4bc033873db"
url = "https://github.com/rhysd/actionlint/releases/download/v1.7.7/actionlint_1.7.7_darwin_arm64.tar.gz"

[tools.actionlint."platforms.macos-x64"]
checksum = "sha256:28e5de5a05fc558474f638323d736d822fff183d2d492f0aecb2b73cc44584f5"
url = "https://github.com/rhysd/actionlint/releases/download/v1.7.7/actionlint_1.7.7_darwin_amd64.tar.gz"

[tools.actionlint."platforms.windows-x64"]
checksum = "sha256:7f12f1801bca3d480d67aaf7774f4c2a6359a3ca8eebe382c95c10c9704aa731"
url = "https://github.com/rhysd/actionlint/releases/download/v1.7.7/actionlint_1.7.7_windows_amd64.zip"

[[tools.terraform]]
version = "1.11.4"
backend = "aqua:hashicorp/terraform"

[tools.terraform."platforms.linux-arm64"]
checksum = "sha256:a43d1d0da9b9bab214a8305a39db0e40869572594ccf50c416a7756499143633"
url = "https://releases.hashicorp.com/terraform/1.11.4/terraform_1.11.4_linux_arm64.zip"

[tools.terraform."platforms.linux-arm64-musl"]
checksum = "sha256:a43d1d0da9b9bab214a8305a39db0e40869572594ccf50c416a7756499143633"
url = "https://releases.hashicorp.com/terraform/1.11.4/terraform_1.11.4_linux_arm64.zip"

[tools.terraform."platforms.linux-x64"]
checksum = "sha256:1ce994251c00281d6845f0f268637ba50c0005657eb3cf096b92f753b42ef4dc"
url = "https://releases.hashicorp.com/terraform/1.11.4/terraform_1.11.4_linux_amd64.zip"

[tools.terraform."platforms.linux-x64-musl"]
checksum = "sha256:1ce994251c00281d6845f0f268637ba50c0005657eb3cf096b92f753b42ef4dc"
url = "https://releases.hashicorp.com/terraform/1.11.4/terraform_1.11.4_linux_amd64.zip"

[tools.terraform."platforms.macos-arm64"]
checksum = "sha256:867e0808fa971217043e25b7a792b10720c79b1546f8a68479b74f138be73e18"
url = "https://releases.hashicorp.com/terraform/1.11.4/terraform_1.11.4_darwin_arm64.zip"

[tools.terraform."platforms.macos-x64"]
checksum = "sha256:a56d5002b9f7647291faccc3dd1a70350e60fb61e4c45037629508b8fdc2575b"
url = "https://releases.hashicorp.com/terraform/1.11.4/terraform_1.11.4_darwin_amd64.zip"

[tools.terraform."platforms.windows-x64"]
checksum = "sha256:4e1dc85419dda723f2bb3afdf63a0d282a2de858588d56dd57d2e4e4c4c83f2b"
url = "https://releases.hashicorp.com/terraform/1.11.4/terraform_1.11.4_windows_amd64.zip"
